GINGERSTACK LOCK
────────────────────────────────
LOCK_NAME : gingerstack-installer
PID       : 931534
PPID      : 883632
USER      : root
HOST      : localhost
STARTED   : 2026-02-01T16:49:18+01:00
SCRIPT    : ./install.sh
WORKDIR   : /root/GingerStack
BASH      : 5.1.16(1)-release
2026-02-01T16:49:18+01:00 | Installer started
2026-02-01T16:49:18+01:00 | Environment loaded
2026-02-01T16:49:50+01:00 | Docker verified
2026-02-01T16:49:53+01:00 | LAMP selected
2026-02-01T16:50:00+01:00 | PHP ini profile selected: prod
2026-02-01T16:50:24+01:00 | n8n selected
2026-02-01T16:50:32+01:00 | n8n credentials set
2026-02-01T16:50:37+01:00 | Service selection complete
2026-02-01T16:50:40+01:00 | Cloudflare zone selected
2026-02-01T16:50:56+01:00 | Installation started
